
Microsoft Visual Studio Solution File, Format Version 12.00
# Visual Studio 15
VisualStudioVersion = 15.0.28010.2026
MinimumVisualStudioVersion = 10.0.40219.1
Project("{FAE04EC0-301F-11D3-BF4B-00C04F79EFBC}") = "Agents", "Agents\Agents.csproj", "{552FA1C4-41EE-4C21-B602-7AB57A3A6FA4}"
EndProject
Project("{FAE04EC0-301F-11D3-BF4B-00C04F79EFBC}") = "EventHandlers", "EventHandlers\EventHandlers.csproj", "{51784E92-9412-4494-83DF-0E4D37ED26A2}"
EndProject
Project("{FAE04EC0-301F-11D3-BF4B-00C04F79EFBC}") = "Helpers", "Helpers\Helpers.csproj", "{9FB80085-B474-453D-B83D-B68222A601E6}"
EndProject
Global
	GlobalSection(SolutionConfigurationPlatforms) = preSolution
		Debug|Any CPU = Debug|Any CPU
		Release|Any CPU = Release|Any CPU
	EndGlobalSection
	GlobalSection(ProjectConfigurationPlatforms) = postSolution
		{552FA1C4-41EE-4C21-B602-7AB57A3A6FA4}.Debug|Any CPU.ActiveCfg = Debug|Any CPU
		{552FA1C4-41EE-4C21-B602-7AB57A3A6FA4}.Debug|Any CPU.Build.0 = Debug|Any CPU
		{552FA1C4-41EE-4C21-B602-7AB57A3A6FA4}.Release|Any CPU.ActiveCfg = Release|Any CPU
		{552FA1C4-41EE-4C21-B602-7AB57A3A6FA4}.Release|Any CPU.Build.0 = Release|Any CPU
		{51784E92-9412-4494-83DF-0E4D37ED26A2}.Debug|Any CPU.ActiveCfg = Debug|Any CPU
		{51784E92-9412-4494-83DF-0E4D37ED26A2}.Debug|Any CPU.Build.0 = Debug|Any CPU
		{51784E92-9412-4494-83DF-0E4D37ED26A2}.Release|Any CPU.ActiveCfg = Release|Any CPU
		{51784E92-9412-4494-83DF-0E4D37ED26A2}.Release|Any CPU.Build.0 = Release|Any CPU
		{9FB80085-B474-453D-B83D-B68222A601E6}.Debug|Any CPU.ActiveCfg = Debug|Any CPU
		{9FB80085-B474-453D-B83D-B68222A601E6}.Debug|Any CPU.Build.0 = Debug|Any CPU
		{9FB80085-B474-453D-B83D-B68222A601E6}.Release|Any CPU.ActiveCfg = Release|Any CPU
		{9FB80085-B474-453D-B83D-B68222A601E6}.Release|Any CPU.Build.0 = Release|Any CPU
	EndGlobalSection
	GlobalSection(SolutionProperties) = preSolution
		HideSolutionNode = FALSE
	EndGlobalSection
	GlobalSection(ExtensibilityGlobals) = postSolution
		SolutionGuid = {91F83C85-9944-45FE-8020-1D9DA81C6902}
	EndGlobalSection
EndGlobal
